// !$*UTF8*$!
{
	archiveVersion = 1;
	classes = {
	};
	objectVersion = 50;
	objects = {

/* Begin PBXBuildFile section */
		0D01541E080D5BB5CADA8A0E /* Pods_instagram_mvvm.framework in Frameworks */ = {isa = PBXBuildFile; fileRef = AF4101ADF0656DE38E4EE63D /* Pods_instagram_mvvm.framework */; };
		2CBEDD9CDD13CD56AB949ED5 /* Pods_instagram_mvvmTests.framework in Frameworks */ = {isa = PBXBuildFile; fileRef = 4605C30CC1D35202AA5FE34E /* Pods_instagram_mvvmTests.framework */; };
		C65DFA3F83EAAD1D9455776C /* Pods_instagram_mvvm_instagram_mvvmUITests.framework in Frameworks */ = {isa = PBXBuildFile; fileRef = 0F74CE5940801A2D26773B98 /* Pods_instagram_mvvm_instagram_mvvmUITests.framework */; };
		F9810BBD25F6F6D8005E5802 /* AuthenticationViewModel.swift in Sources */ = {isa = PBXBuildFile; fileRef = F9810BBC25F6F6D8005E5802 /* AuthenticationViewModel.swift */; };
		F988845D25F55ED50049A059 /* AppDelegate.swift in Sources */ = {isa = PBXBuildFile; fileRef = F988845C25F55ED50049A059 /* AppDelegate.swift */; };
		F988845F25F55ED50049A059 /* SceneDelegate.swift in Sources */ = {isa = PBXBuildFile; fileRef = F988845E25F55ED50049A059 /* SceneDelegate.swift */; };
		F988846125F55ED50049A059 /* ViewController.swift in Sources */ = {isa = PBXBuildFile; fileRef = F988846025F55ED50049A059 /* ViewController.swift */; };
		F988846425F55ED50049A059 /* Main.storyboard in Resources */ = {isa = PBXBuildFile; fileRef = F988846225F55ED50049A059 /* Main.storyboard */; };
		F988846625F55ED60049A059 /* Assets.xcassets in Resources */ = {isa = PBXBuildFile; fileRef = F988846525F55ED60049A059 /* Assets.xcassets */; };
		F988846925F55ED60049A059 /* LaunchScreen.storyboard in Resources */ = {isa = PBXBuildFile; fileRef = F988846725F55ED60049A059 /* LaunchScreen.storyboard */; };
		F988847425F55ED70049A059 /* instagram_mvvmTests.swift in Sources */ = {isa = PBXBuildFile; fileRef = F988847325F55ED70049A059 /* instagram_mvvmTests.swift */; };
		F988847F25F55ED70049A059 /* instagram_mvvmUITests.swift in Sources */ = {isa = PBXBuildFile; fileRef = F988847E25F55ED70049A059 /* instagram_mvvmUITests.swift */; };
		F988849825F563E80049A059 /* MainTabController.swift in Sources */ = {isa = PBXBuildFile; fileRef = F988849725F563E80049A059 /* MainTabController.swift */; };
		F988849D25F56D160049A059 /* TimelineController.swift in Sources */ = {isa = PBXBuildFile; fileRef = F988849C25F56D160049A059 /* TimelineController.swift */; };
		F98884A225F56D240049A059 /* SearchController.swift in Sources */ = {isa = PBXBuildFile; fileRef = F98884A125F56D240049A059 /* SearchController.swift */; };
		F98884A725F56D360049A059 /* ImageSelectorController.swift in Sources */ = {isa = PBXBuildFile; fileRef = F98884A625F56D360049A059 /* ImageSelectorController.swift */; };
		F98884AC25F56D450049A059 /* NotificationController.swift in Sources */ = {isa = PBXBuildFile; fileRef = F98884AB25F56D450049A059 /* NotificationController.swift */; };
		F98884B125F56D500049A059 /* ProfileController.swift in Sources */ = {isa = PBXBuildFile; fileRef = F98884B025F56D500049A059 /* ProfileController.swift */; };
		F98884C225F57D420049A059 /* TimelineCell.swift in Sources */ = {isa = PBXBuildFile; fileRef = F98884C125F57D420049A059 /* TimelineCell.swift */; };
		F98884C725F57E3D0049A059 /* Extensions.swift in Sources */ = {isa = PBXBuildFile; fileRef = F98884C625F57E3D0049A059 /* Extensions.swift */; };
		F98884D925F59D2D0049A059 /* LoginController.swift in Sources */ = {isa = PBXBuildFile; fileRef = F98884D825F59D2D0049A059 /* LoginController.swift */; };
		F98884E125F59D410049A059 /* SignUpController.swift in Sources */ = {isa = PBXBuildFile; fileRef = F98884E025F59D410049A059 /* SignUpController.swift */; };
		F98884E625F5A5F60049A059 /* CustomTextField.swift in Sources */ = {isa = PBXBuildFile; fileRef = F98884E525F5A5F60049A059 /* CustomTextField.swift */; };
		F9CF0F6B25F70320000FE757 /* GoogleService-Info.plist in Resources */ = {isa = PBXBuildFile; fileRef = F9CF0F6A25F70320000FE757 /* GoogleService-Info.plist */; };
/* End PBXBuildFile section */

/* Begin PBXContainerItemProxy section */
		F988847025F55ED70049A059 /* PBXContainerItemProxy */ = {
			isa = PBXContainerItemProxy;
			containerPortal = F988845125F55ED50049A059 /* Project object */;
			proxyType = 1;
			remoteGlobalIDString = F988845825F55ED50049A059;
			remoteInfo = instagram_mvvm;
		};
		F988847B25F55ED70049A059 /* PBXContainerItemProxy */ = {
			isa = PBXContainerItemProxy;
			containerPortal = F988845125F55ED50049A059 /* Project object */;
			proxyType = 1;
			remoteGlobalIDString = F988845825F55ED50049A059;
			remoteInfo = instagram_mvvm;
		};
/* End PBXContainerItemProxy section */

/* Begin PBXFileReference section */
		0F74CE5940801A2D26773B98 /* Pods_instagram_mvvm_instagram_mvvmUITests.framework */ = {isa = PBXFileReference; explicitFileType = wrapper.framework; includeInIndex = 0; path = Pods_instagram_mvvm_instagram_mvvmUITests.framework; sourceTree = BUILT_PRODUCTS_DIR; };
		1C7D5524D47ED0114186C3A3 /* Pods-instagram_mvvm.debug.xcconfig */ = {isa = PBXFileReference; includeInIndex = 1; lastKnownFileType = text.xcconfig; name = "Pods-instagram_mvvm.debug.xcconfig"; path = "Target Support Files/Pods-instagram_mvvm/Pods-instagram_mvvm.debug.xcconfig"; sourceTree = "<group>"; };
		3C1CBCEFD7327AD95CD1EB22 /* Pods-instagram_mvvm-instagram_mvvmUITests.debug.xcconfig */ = {isa = PBXFileReference; includeInIndex = 1; lastKnownFileType = text.xcconfig; name = "Pods-instagram_mvvm-instagram_mvvmUITests.debug.xcconfig"; path = "Target Support Files/Pods-instagram_mvvm-instagram_mvvmUITests/Pods-instagram_mvvm-instagram_mvvmUITests.debug.xcconfig"; sourceTree = "<group>"; };
		4605C30CC1D35202AA5FE34E /* Pods_instagram_mvvmTests.framework */ = {isa = PBXFileReference; explicitFileType = wrapper.framework; includeInIndex = 0; path = Pods_instagram_mvvmTests.framework; sourceTree = BUILT_PRODUCTS_DIR; };
		707B74B8A730B7865521214E /* Pods-instagram_mvvm.release.xcconfig */ = {isa = PBXFileReference; includeInIndex = 1; lastKnownFileType = text.xcconfig; name = "Pods-instagram_mvvm.release.xcconfig"; path = "Target Support Files/Pods-instagram_mvvm/Pods-instagram_mvvm.release.xcconfig"; sourceTree = "<group>"; };
		7EFB2C9808105805BABF0C97 /* Pods-instagram_mvvmTests.release.xcconfig */ = {isa = PBXFileReference; includeInIndex = 1; lastKnownFileType = text.xcconfig; name = "Pods-instagram_mvvmTests.release.xcconfig"; path = "Target Support Files/Pods-instagram_mvvmTests/Pods-instagram_mvvmTests.release.xcconfig"; sourceTree = "<group>"; };
		9A1F77DFA502557E48CDBB81 /* Pods-instagram_mvvm-instagram_mvvmUITests.release.xcconfig */ = {isa = PBXFileReference; includeInIndex = 1; lastKnownFileType = text.xcconfig; name = "Pods-instagram_mvvm-instagram_mvvmUITests.release.xcconfig"; path = "Target Support Files/Pods-instagram_mvvm-instagram_mvvmUITests/Pods-instagram_mvvm-instagram_mvvmUITests.release.xcconfig"; sourceTree = "<group>"; };
		AF4101ADF0656DE38E4EE63D /* Pods_instagram_mvvm.framework */ = {isa = PBXFileReference; explicitFileType = wrapper.framework; includeInIndex = 0; path = Pods_instagram_mvvm.framework; sourceTree = BUILT_PRODUCTS_DIR; };
		D263CF91FE0BEB8A3E31DB55 /* Pods-instagram_mvvmTests.debug.xcconfig */ = {isa = PBXFileReference; includeInIndex = 1; lastKnownFileType = text.xcconfig; name = "Pods-instagram_mvvmTests.debug.xcconfig"; path = "Target Support Files/Pods-instagram_mvvmTests/Pods-instagram_mvvmTests.debug.xcconfig"; sourceTree = "<group>"; };
		F9810BBC25F6F6D8005E5802 /* AuthenticationViewModel.swift */ = {isa = PBXFileReference; lastKnownFileType = sourcecode.swift; path = AuthenticationViewModel.swift; sourceTree = "<group>"; };
		F988845925F55ED50049A059 /* instagram_mvvm.app */ = {isa = PBXFileReference; explicitFileType = wrapper.application; includeInIndex = 0; path = instagram_mvvm.app; sourceTree = BUILT_PRODUCTS_DIR; };
		F988845C25F55ED50049A059 /* AppDelegate.swift */ = {isa = PBXFileReference; lastKnownFileType = sourcecode.swift; path = AppDelegate.swift; sourceTree = "<group>"; };
		F988845E25F55ED50049A059 /* SceneDelegate.swift */ = {isa = PBXFileReference; lastKnownFileType = sourcecode.swift; path = SceneDelegate.swift; sourceTree = "<group>"; };
		F988846025F55ED50049A059 /* ViewController.swift */ = {isa = PBXFileReference; lastKnownFileType = sourcecode.swift; path = ViewController.swift; sourceTree = "<group>"; };
		F988846325F55ED50049A059 /* Base */ = {isa = PBXFileReference; lastKnownFileType = file.storyboard; name = Base; path = Base.lproj/Main.storyboard; sourceTree = "<group>"; };
		F988846525F55ED60049A059 /* Assets.xcassets */ = {isa = PBXFileReference; lastKnownFileType = folder.assetcatalog; path = Assets.xcassets; sourceTree = "<group>"; };
		F988846825F55ED60049A059 /* Base */ = {isa = PBXFileReference; lastKnownFileType = file.storyboard; name = Base; path = Base.lproj/LaunchScreen.storyboard; sourceTree = "<group>"; };
		F988846A25F55ED60049A059 /* Info.plist */ = {isa = PBXFileReference; lastKnownFileType = text.plist.xml; path = Info.plist; sourceTree = "<group>"; };
		F988846F25F55ED70049A059 /* instagram_mvvmTests.xctest */ = {isa = PBXFileReference; explicitFileType = wrapper.cfbundle; includeInIndex = 0; path = instagram_mvvmTests.xctest; sourceTree = BUILT_PRODUCTS_DIR; };
		F988847325F55ED70049A059 /* instagram_mvvmTests.swift */ = {isa = PBXFileReference; lastKnownFileType = sourcecode.swift; path = instagram_mvvmTests.swift; sourceTree = "<group>"; };
		F988847525F55ED70049A059 /* Info.plist */ = {isa = PBXFileReference; lastKnownFileType = text.plist.xml; path = Info.plist; sourceTree = "<group>"; };
		F988847A25F55ED70049A059 /* instagram_mvvmUITests.xctest */ = {isa = PBXFileReference; explicitFileType = wrapper.cfbundle; includeInIndex = 0; path = instagram_mvvmUITests.xctest; sourceTree = BUILT_PRODUCTS_DIR; };
		F988847E25F55ED70049A059 /* instagram_mvvmUITests.swift */ = {isa = PBXFileReference; lastKnownFileType = sourcecode.swift; path = instagram_mvvmUITests.swift; sourceTree = "<group>"; };
		F988848025F55ED70049A059 /* Info.plist */ = {isa = PBXFileReference; lastKnownFileType = text.plist.xml; path = Info.plist; sourceTree = "<group>"; };
		F988849725F563E80049A059 /* MainTabController.swift */ = {isa = PBXFileReference; lastKnownFileType = sourcecode.swift; path = MainTabController.swift; sourceTree = "<group>"; };
		F988849C25F56D160049A059 /* TimelineController.swift */ = {isa = PBXFileReference; lastKnownFileType = sourcecode.swift; path = TimelineController.swift; sourceTree = "<group>"; };
		F98884A125F56D240049A059 /* SearchController.swift */ = {isa = PBXFileReference; lastKnownFileType = sourcecode.swift; path = SearchController.swift; sourceTree = "<group>"; };
		F98884A625F56D360049A059 /* ImageSelectorController.swift */ = {isa = PBXFileReference; lastKnownFileType = sourcecode.swift; path = ImageSelectorController.swift; sourceTree = "<group>"; };
		F98884AB25F56D450049A059 /* NotificationController.swift */ = {isa = PBXFileReference; lastKnownFileType = sourcecode.swift; path = NotificationController.swift; sourceTree = "<group>"; };
		F98884B025F56D500049A059 /* ProfileController.swift */ = {isa = PBXFileReference; lastKnownFileType = sourcecode.swift; path = ProfileController.swift; sourceTree = "<group>"; };
		F98884C125F57D420049A059 /* TimelineCell.swift */ = {isa = PBXFileReference; lastKnownFileType = sourcecode.swift; path = TimelineCell.swift; sourceTree = "<group>"; };
		F98884C625F57E3D0049A059 /* Extensions.swift */ = {isa = PBXFileReference; lastKnownFileType = sourcecode.swift; path = Extensions.swift; sourceTree = "<group>"; };
		F98884D825F59D2D0049A059 /* LoginController.swift */ = {isa = PBXFileReference; lastKnownFileType = sourcecode.swift; path = LoginController.swift; sourceTree = "<group>"; };
		F98884E025F59D410049A059 /* SignUpController.swift */ = {isa = PBXFileReference; lastKnownFileType = sourcecode.swift; path = SignUpController.swift; sourceTree = "<group>"; };
		F98884E525F5A5F60049A059 /* CustomTextField.swift */ = {isa = PBXFileReference; lastKnownFileType = sourcecode.swift; path = CustomTextField.swift; sourceTree = "<group>"; };
		F9CF0F6A25F70320000FE757 /* GoogleService-Info.plist */ = {isa = PBXFileReference; fileEncoding = 4; lastKnownFileType = text.plist.xml; path = "GoogleService-Info.plist"; sourceTree = "<group>"; };
/* End PBXFileReference section */

/* Begin PBXFrameworksBuildPhase section */
		F988845625F55ED50049A059 /* Frameworks */ = {
			isa = PBXFrameworksBuildPhase;
			buildActionMask = 2147483647;
			files = (
				0D01541E080D5BB5CADA8A0E /* Pods_instagram_mvvm.framework in Frameworks */,
			);
			runOnlyForDeploymentPostprocessing = 0;
		};
		F988846C25F55ED70049A059 /* Frameworks */ = {
			isa = PBXFrameworksBuildPhase;
			buildActionMask = 2147483647;
			files = (
				2CBEDD9CDD13CD56AB949ED5 /* Pods_instagram_mvvmTests.framework in Frameworks */,
			);
			runOnlyForDeploymentPostprocessing = 0;
		};
		F988847725F55ED70049A059 /* Frameworks */ = {
			isa = PBXFrameworksBuildPhase;
			buildActionMask = 2147483647;
			files = (
				C65DFA3F83EAAD1D9455776C /* Pods_instagram_mvvm_instagram_mvvmUITests.framework in Frameworks */,
			);
			runOnlyForDeploymentPostprocessing = 0;
		};
/* End PBXFrameworksBuildPhase section */

/* Begin PBXGroup section */
		8A8CC2E62D0ADF82730DE69E /* Pods */ = {
			isa = PBXGroup;
			children = (
				1C7D5524D47ED0114186C3A3 /* Pods-instagram_mvvm.debug.xcconfig */,
				707B74B8A730B7865521214E /* Pods-instagram_mvvm.release.xcconfig */,
				3C1CBCEFD7327AD95CD1EB22 /* Pods-instagram_mvvm-instagram_mvvmUITests.debug.xcconfig */,
				9A1F77DFA502557E48CDBB81 /* Pods-instagram_mvvm-instagram_mvvmUITests.release.xcconfig */,
				D263CF91FE0BEB8A3E31DB55 /* Pods-instagram_mvvmTests.debug.xcconfig */,
				7EFB2C9808105805BABF0C97 /* Pods-instagram_mvvmTests.release.xcconfig */,
			);
			name = Pods;
			path = Pods;
			sourceTree = "<group>";
		};
		F42EF56E832C0933FAC1D97D /* Frameworks */ = {
			isa = PBXGroup;
			children = (
				AF4101ADF0656DE38E4EE63D /* Pods_instagram_mvvm.framework */,
				0F74CE5940801A2D26773B98 /* Pods_instagram_mvvm_instagram_mvvmUITests.framework */,
				4605C30CC1D35202AA5FE34E /* Pods_instagram_mvvmTests.framework */,
			);
			name = Frameworks;
			sourceTree = "<group>";
		};
		F988845025F55ED50049A059 = {
			isa = PBXGroup;
			children = (
				F988845B25F55ED50049A059 /* instagram_mvvm */,
				F988847225F55ED70049A059 /* instagram_mvvmTests */,
				F988847D25F55ED70049A059 /* instagram_mvvmUITests */,
				F988845A25F55ED50049A059 /* Products */,
				8A8CC2E62D0ADF82730DE69E /* Pods */,
				F42EF56E832C0933FAC1D97D /* Frameworks */,
			);
			sourceTree = "<group>";
		};
		F988845A25F55ED50049A059 /* Products */ = {
			isa = PBXGroup;
			children = (
				F988845925F55ED50049A059 /* instagram_mvvm.app */,
				F988846F25F55ED70049A059 /* instagram_mvvmTests.xctest */,
				F988847A25F55ED70049A059 /* instagram_mvvmUITests.xctest */,
			);
			name = Products;
			sourceTree = "<group>";
		};
		F988845B25F55ED50049A059 /* instagram_mvvm */ = {
			isa = PBXGroup;
			children = (
				F988849625F562AB0049A059 /* Model */,
				F988849525F562A90049A059 /* View */,
				F988849425F562A80049A059 /* ViewModel */,
				F988849325F562A60049A059 /* Controller */,
				F988849025F562890049A059 /* API */,
				F988848F25F562620049A059 /* Utils */,
				F988845C25F55ED50049A059 /* AppDelegate.swift */,
				F988845E25F55ED50049A059 /* SceneDelegate.swift */,
				F988846025F55ED50049A059 /* ViewController.swift */,
				F988846225F55ED50049A059 /* Main.storyboard */,
				F988846525F55ED60049A059 /* Assets.xcassets */,
				F988846725F55ED60049A059 /* LaunchScreen.storyboard */,
				F988846A25F55ED60049A059 /* Info.plist */,
				F9CF0F6A25F70320000FE757 /* GoogleService-Info.plist */,
			);
			path = instagram_mvvm;
			sourceTree = "<group>";
		};
		F988847225F55ED70049A059 /* instagram_mvvmTests */ = {
			isa = PBXGroup;
			children = (
				F988847325F55ED70049A059 /* instagram_mvvmTests.swift */,
				F988847525F55ED70049A059 /* Info.plist */,
			);
			path = instagram_mvvmTests;
			sourceTree = "<group>";
		};
		F988847D25F55ED70049A059 /* instagram_mvvmUITests */ = {
			isa = PBXGroup;
			children = (
				F988847E25F55ED70049A059 /* instagram_mvvmUITests.swift */,
				F988848025F55ED70049A059 /* Info.plist */,
			);
			path = instagram_mvvmUITests;
			sourceTree = "<group>";
		};
		F988848F25F562620049A059 /* Utils */ = {
			isa = PBXGroup;
			children = (
				F98884C625F57E3D0049A059 /* Extensions.swift */,
			);
			path = Utils;
			sourceTree = "<group>";
		};
		F988849025F562890049A059 /* API */ = {
			isa = PBXGroup;
			children = (
			);
			path = API;
			sourceTree = "<group>";
		};
		F988849325F562A60049A059 /* Controller */ = {
			isa = PBXGroup;
			children = (
				F98884D725F59D1F0049A059 /* Authentication */,
				F988849725F563E80049A059 /* MainTabController.swift */,
				F988849C25F56D160049A059 /* TimelineController.swift */,
				F98884A125F56D240049A059 /* SearchController.swift */,
				F98884A625F56D360049A059 /* ImageSelectorController.swift */,
				F98884AB25F56D450049A059 /* NotificationController.swift */,
				F98884B025F56D500049A059 /* ProfileController.swift */,
			);
			path = Controller;
			sourceTree = "<group>";
		};
		F988849425F562A80049A059 /* ViewModel */ = {
			isa = PBXGroup;
			children = (
				F9810BBC25F6F6D8005E5802 /* AuthenticationViewModel.swift */,
			);
			path = ViewModel;
			sourceTree = "<group>";
		};
		F988849525F562A90049A059 /* View */ = {
			isa = PBXGroup;
			children = (
				F98884C125F57D420049A059 /* TimelineCell.swift */,
				F98884E525F5A5F60049A059 /* CustomTextField.swift */,
			);
			path = View;
			sourceTree = "<group>";
		};
		F988849625F562AB0049A059 /* Model */ = {
			isa = PBXGroup;
			children = (
			);
			path = Model;
			sourceTree = "<group>";
		};
		F98884D725F59D1F0049A059 /* Authentication */ = {
			isa = PBXGroup;
			children = (
				F98884D825F59D2D0049A059 /* LoginController.swift */,
				F98884E025F59D410049A059 /* SignUpController.swift */,
			);
			path = Authentication;
			sourceTree = "<group>";
		};
/* End PBXGroup section */

/* Begin PBXNativeTarget section */
		F988845825F55ED50049A059 /* instagram_mvvm */ = {
			isa = PBXNativeTarget;
			buildConfigurationList = F988848325F55ED70049A059 /* Build configuration list for PBXNativeTarget "instagram_mvvm" */;
			buildPhases = (
				2B1CAE6F45819D3CC070B8EB /* [CP] Check Pods Manifest.lock */,
				F988845525F55ED50049A059 /* Sources */,
				F988845625F55ED50049A059 /* Frameworks */,
				F988845725F55ED50049A059 /* Resources */,
				332D9B651B9DCC79A352882D /* [CP] Embed Pods Frameworks */,
			);
			buildRules = (
			);
			dependencies = (
			);
			name = instagram_mvvm;
			productName = instagram_mvvm;
			productReference = F988845925F55ED50049A059 /* instagram_mvvm.app */;
			productType = "com.apple.product-type.application";
		};
		F988846E25F55ED70049A059 /* instagram_mvvmTests */ = {
			isa = PBXNativeTarget;
			buildConfigurationList = F988848625F55ED70049A059 /* Build configuration list for PBXNativeTarget "instagram_mvvmTests" */;
			buildPhases = (
				1C1B0DA2C019B9ECFAEF611D /* [CP] Check Pods Manifest.lock */,
				F988846B25F55ED70049A059 /* Sources */,
				F988846C25F55ED70049A059 /* Frameworks */,
				F988846D25F55ED70049A059 /* Resources */,
			);
			buildRules = (
			);
			dependencies = (
				F988847125F55ED70049A059 /* PBXTargetDependency */,
			);
			name = instagram_mvvmTests;
			productName = instagram_mvvmTests;
			productReference = F988846F25F55ED70049A059 /* instagram_mvvmTests.xctest */;
			productType = "com.apple.product-type.bundle.unit-test";
		};
		F988847925F55ED70049A059 /* instagram_mvvmUITests */ = {
			isa = PBXNativeTarget;
			buildConfigurationList = F988848925F55ED70049A059 /* Build configuration list for PBXNativeTarget "instagram_mvvmUITests" */;
			buildPhases = (
				6B44DE320DA166A79CAA8735 /* [CP] Check Pods Manifest.lock */,
				F988847625F55ED70049A059 /* Sources */,
				F988847725F55ED70049A059 /* Frameworks */,
				F988847825F55ED70049A059 /* Resources */,
				3043B492AA51D1DFF9A8794C /* [CP] Embed Pods Frameworks */,
			);
			buildRules = (
			);
			dependencies = (
				F988847C25F55ED70049A059 /* PBXTargetDependency */,
			);
			name = instagram_mvvmUITests;
			productName = instagram_mvvmUITests;
			productReference = F988847A25F55ED70049A059 /* instagram_mvvmUITests.xctest */;
			productType = "com.apple.product-type.bundle.ui-testing";
		};
/* End PBXNativeTarget section */

/* Begin PBXProject section */
		F988845125F55ED50049A059 /* Project object */ = {
			isa = PBXProject;
			attributes = {
				LastSwiftUpdateCheck = 1240;
				LastUpgradeCheck = 1240;
				TargetAttributes = {
					F988845825F55ED50049A059 = {
						CreatedOnToolsVersion = 12.4;
					};
					F988846E25F55ED70049A059 = {
						CreatedOnToolsVersion = 12.4;
						TestTargetID = F988845825F55ED50049A059;
					};
					F988847925F55ED70049A059 = {
						CreatedOnToolsVersion = 12.4;
						TestTargetID = F988845825F55ED50049A059;
					};
				};
			};
			buildConfigurationList = F988845425F55ED50049A059 /* Build configuration list for PBXProject "instagram_mvvm" */;
			compatibilityVersion = "Xcode 9.3";
			developmentRegion = en;
			hasScannedForEncodings = 0;
			knownRegions = (
				en,
				Base,
			);
			mainGroup = F988845025F55ED50049A059;
			productRefGroup = F988845A25F55ED50049A059 /* Products */;
			projectDirPath = "";
			projectRoot = "";
			targets = (
				F988845825F55ED50049A059 /* instagram_mvvm */,
				F988846E25F55ED70049A059 /* instagram_mvvmTests */,
				F988847925F55ED70049A059 /* instagram_mvvmUITests */,
			);
		};
/* End PBXProject section */

/* Begin PBXResourcesBuildPhase section */
		F988845725F55ED50049A059 /* Resources */ = {
			isa = PBXResourcesBuildPhase;
			buildActionMask = 2147483647;
			files = (
				F988846925F55ED60049A059 /* LaunchScreen.storyboard in Resources */,
				F9CF0F6B25F70320000FE757 /* GoogleService-Info.plist in Resources */,
				F988846625F55ED60049A059 /* Assets.xcassets in Resources */,
				F988846425F55ED50049A059 /* Main.storyboard in Resources */,
			);
			runOnlyForDeploymentPostprocessing = 0;
		};
		F988846D25F55ED70049A059 /* Resources */ = {
			isa = PBXResourcesBuildPhase;
			buildActionMask = 2147483647;
			files = (
			);
			runOnlyForDeploymentPostprocessing = 0;
		};
		F988847825F55ED70049A059 /* Resources */ = {
			isa = PBXResourcesBuildPhase;
			buildActionMask = 2147483647;
			files = (
			);
			runOnlyForDeploymentPostprocessing = 0;
		};
/* End PBXResourcesBuildPhase section */

/* Begin PBXShellScriptBuildPhase section */
		1C1B0DA2C019B9ECFAEF611D /* [CP] Check Pods Manifest.lock */ = {
			isa = PBXShellScriptBuildPhase;
			buildActionMask = 2147483647;
			files = (
			);
			inputFileListPaths = (
			);
			inputPaths = (
				"${PODS_PODFILE_DIR_PATH}/Podfile.lock",
				"${PODS_ROOT}/Manifest.lock",
			);
			name = "[CP] Check Pods Manifest.lock";
			outputFileListPaths = (
			);
			outputPaths = (
				"$(DERIVED_FILE_DIR)/Pods-instagram_mvvmTests-checkManifestLockResult.txt",
			);
			runOnlyForDeploymentPostprocessing = 0;
			shellPath = /bin/sh;
			shellScript = "diff \"${PODS_PODFILE_DIR_PATH}/Podfile.lock\" \"${PODS_ROOT}/Manifest.lock\" > /dev/null\nif [ $? != 0 ] ; then\n    # print error to STDERR\n    echo \"error: The sandbox is not in sync with the Podfile.lock. Run 'pod install' or update your CocoaPods installation.\" >&2\n    exit 1\nfi\n# This output is used by Xcode 'outputs' to avoid re-running this script phase.\necho \"SUCCESS\" > \"${SCRIPT_OUTPUT_FILE_0}\"\n";
			showEnvVarsInLog = 0;
		};
		2B1CAE6F45819D3CC070B8EB /* [CP] Check Pods Manifest.lock */ = {
			isa = PBXShellScriptBuildPhase;
			buildActionMask = 2147483647;
			files = (
			);
			inputFileListPaths = (
			);
			inputPaths = (
				"${PODS_PODFILE_DIR_PATH}/Podfile.lock",
				"${PODS_ROOT}/Manifest.lock",
			);
			name = "[CP] Check Pods Manifest.lock";
			outputFileListPaths = (
			);
			outputPaths = (
				"$(DERIVED_FILE_DIR)/Pods-instagram_mvvm-checkManifestLockResult.txt",
			);
			runOnlyForDeploymentPostprocessing = 0;
			shellPath = /bin/sh;
			shellScript = "diff \"${PODS_PODFILE_DIR_PATH}/Podfile.lock\" \"${PODS_ROOT}/Manifest.lock\" > /dev/null\nif [ $? != 0 ] ; then\n    # print error to STDERR\n    echo \"error: The sandbox is not in sync with the Podfile.lock. Run 'pod install' or update your CocoaPods installation.\" >&2\n    exit 1\nfi\n# This output is used by Xcode 'outputs' to avoid re-running this script phase.\necho \"SUCCESS\" > \"${SCRIPT_OUTPUT_FILE_0}\"\n";
			showEnvVarsInLog = 0;
		};
		3043B492AA51D1DFF9A8794C /* [CP] Embed Pods Frameworks */ = {
			isa = PBXShellScriptBuildPhase;
			buildActionMask = 2147483647;
			files = (
			);
			inputFileListPaths = (
				"${PODS_ROOT}/Target Support Files/Pods-instagram_mvvm-instagram_mvvmUITests/Pods-instagram_mvvm-instagram_mvvmUITests-frameworks-${CONFIGURATION}-input-files.xcfilelist",
			);
			name = "[CP] Embed Pods Frameworks";
			outputFileListPaths = (
				"${PODS_ROOT}/Target Support Files/Pods-instagram_mvvm-instagram_mvvmUITests/Pods-instagram_mvvm-instagram_mvvmUITests-frameworks-${CONFIGURATION}-output-files.xcfilelist",
			);
			runOnlyForDeploymentPostprocessing = 0;
			shellPath = /bin/sh;
			shellScript = "\"${PODS_ROOT}/Target Support Files/Pods-instagram_mvvm-instagram_mvvmUITests/Pods-instagram_mvvm-instagram_mvvmUITests-frameworks.sh\"\n";
			showEnvVarsInLog = 0;
		};
		332D9B651B9DCC79A352882D /* [CP] Embed Pods Frameworks */ = {
			isa = PBXShellScriptBuildPhase;
			buildActionMask = 2147483647;
			files = (
			);
			inputFileListPaths = (
				"${PODS_ROOT}/Target Support Files/Pods-instagram_mvvm/Pods-instagram_mvvm-frameworks-${CONFIGURATION}-input-files.xcfilelist",
			);
			name = "[CP] Embed Pods Frameworks";
			outputFileListPaths = (
				"${PODS_ROOT}/Target Support Files/Pods-instagram_mvvm/Pods-instagram_mvvm-frameworks-${CONFIGURATION}-output-files.xcfilelist",
			);
			runOnlyForDeploymentPostprocessing = 0;
			shellPath = /bin/sh;
			shellScript = "\"${PODS_ROOT}/Target Support Files/Pods-instagram_mvvm/Pods-instagram_mvvm-frameworks.sh\"\n";
			showEnvVarsInLog = 0;
		};
		6B44DE320DA166A79CAA8735 /* [CP] Check Pods Manifest.lock */ = {
			isa = PBXShellScriptBuildPhase;
			buildActionMask = 2147483647;
			files = (
			);
			inputFileListPaths = (
			);
			inputPaths = (
				"${PODS_PODFILE_DIR_PATH}/Podfile.lock",
				"${PODS_ROOT}/Manifest.lock",
			);
			name = "[CP] Check Pods Manifest.lock";
			outputFileListPaths = (
			);
			outputPaths = (
				"$(DERIVED_FILE_DIR)/Pods-instagram_mvvm-instagram_mvvmUITests-checkManifestLockResult.txt",
			);
			runOnlyForDeploymentPostprocessing = 0;
			shellPath = /bin/sh;
			shellScript = "diff \"${PODS_PODFILE_DIR_PATH}/Podfile.lock\" \"${PODS_ROOT}/Manifest.lock\" > /dev/null\nif [ $? != 0 ] ; then\n    # print error to STDERR\n    echo \"error: The sandbox is not in sync with the Podfile.lock. Run 'pod install' or update your CocoaPods installation.\" >&2\n    exit 1\nfi\n# This output is used by Xcode 'outputs' to avoid re-running this script phase.\necho \"SUCCESS\" > \"${SCRIPT_OUTPUT_FILE_0}\"\n";
			showEnvVarsInLog = 0;
		};
/* End PBXShellScriptBuildPhase section */

/* Begin PBXSourcesBuildPhase section */
		F988845525F55ED50049A059 /* Sources */ = {
			isa = PBXSourcesBuildPhase;
			buildActionMask = 2147483647;
			files = (
				F98884E625F5A5F60049A059 /* CustomTextField.swift in Sources */,
				F98884E125F59D410049A059 /* SignUpController.swift in Sources */,
				F988846125F55ED50049A059 /* ViewController.swift in Sources */,
				F98884D925F59D2D0049A059 /* LoginController.swift in Sources */,
				F98884A725F56D360049A059 /* ImageSelectorController.swift in Sources */,
				F98884C225F57D420049A059 /* TimelineCell.swift in Sources */,
				F9810BBD25F6F6D8005E5802 /* AuthenticationViewModel.swift in Sources */,
				F98884AC25F56D450049A059 /* NotificationController.swift in Sources */,
				F98884A225F56D240049A059 /* SearchController.swift in Sources */,
				F988845D25F55ED50049A059 /* AppDelegate.swift in Sources */,
				F98884B125F56D500049A059 /* ProfileController.swift in Sources */,
				F988849825F563E80049A059 /* MainTabController.swift in Sources */,
				F988845F25F55ED50049A059 /* SceneDelegate.swift in Sources */,
				F98884C725F57E3D0049A059 /* Extensions.swift in Sources */,
				F988849D25F56D160049A059 /* TimelineController.swift in Sources */,
			);
			runOnlyForDeploymentPostprocessing = 0;
		};
		F988846B25F55ED70049A059 /* Sources */ = {
			isa = PBXSourcesBuildPhase;
			buildActionMask = 2147483647;
			files = (
				F988847425F55ED70049A059 /* instagram_mvvmTests.swift in Sources */,
			);
			runOnlyForDeploymentPostprocessing = 0;
		};
		F988847625F55ED70049A059 /* Sources */ = {
			isa = PBXSourcesBuildPhase;
			buildActionMask = 2147483647;
			files = (
				F988847F25F55ED70049A059 /* instagram_mvvmUITests.swift in Sources */,
			);
			runOnlyForDeploymentPostprocessing = 0;
		};
/* End PBXSourcesBuildPhase section */

/* Begin PBXTargetDependency section */
		F988847125F55ED70049A059 /* PBXTargetDependency */ = {
			isa = PBXTargetDependency;
			target = F988845825F55ED50049A059 /* instagram_mvvm */;
			targetProxy = F988847025F55ED70049A059 /* PBXContainerItemProxy */;
		};
		F988847C25F55ED70049A059 /* PBXTargetDependency */ = {
			isa = PBXTargetDependency;
			target = F988845825F55ED50049A059 /* instagram_mvvm */;
			targetProxy = F988847B25F55ED70049A059 /* PBXContainerItemProxy */;
		};
/* End PBXTargetDependency section */

/* Begin PBXVariantGroup section */
		F988846225F55ED50049A059 /* Main.storyboard */ = {
			isa = PBXVariantGroup;
			children = (
				F988846325F55ED50049A059 /* Base */,
			);
			name = Main.storyboard;
			sourceTree = "<group>";
		};
		F988846725F55ED60049A059 /* LaunchScreen.storyboard */ = {
			isa = PBXVariantGroup;
			children = (
				F988846825F55ED60049A059 /* Base */,
			);
			name = LaunchScreen.storyboard;
			sourceTree = "<group>";
		};
/* End PBXVariantGroup section */

/* Begin XCBuildConfiguration section */
		F988848125F55ED70049A059 /* Debug */ = {
			isa = XCBuildConfiguration;
			buildSettings = {
				ALWAYS_SEARCH_USER_PATHS = NO;
				CLANG_ANALYZER_NONNULL = YES;
				CLANG_ANALYZER_NUMBER_OBJECT_CONVERSION = YES_AGGRESSIVE;
				CLANG_CXX_LANGUAGE_STANDARD = "gnu++14";
				CLANG_CXX_LIBRARY = "libc++";
				CLANG_ENABLE_MODULES = YES;
				CLANG_ENABLE_OBJC_ARC = YES;
				CLANG_ENABLE_OBJC_WEAK = YES;
				CLANG_WARN_BLOCK_CAPTURE_AUTORELEASING = YES;
				CLANG_WARN_BOOL_CONVERSION = YES;
				CLANG_WARN_COMMA = YES;
				CLANG_WARN_CONSTANT_CONVERSION = YES;
				CLANG_WARN_DEPRECATED_OBJC_IMPLEMENTATIONS = YES;
				CLANG_WARN_DIRECT_OBJC_ISA_USAGE = YES_ERROR;
				CLANG_WARN_DOCUMENTATION_COMMENTS = YES;
				CLANG_WARN_EMPTY_BODY = YES;
				CLANG_WARN_ENUM_CONVERSION = YES;
				CLANG_WARN_INFINITE_RECURSION = YES;
				CLANG_WARN_INT_CONVERSION = YES;
				CLANG_WARN_NON_LITERAL_NULL_CONVERSION = YES;
				CLANG_WARN_OBJC_IMPLICIT_RETAIN_SELF = YES;
				CLANG_WARN_OBJC_LITERAL_CONVERSION = YES;
				CLANG_WARN_OBJC_ROOT_CLASS = YES_ERROR;
				CLANG_WARN_QUOTED_INCLUDE_IN_FRAMEWORK_HEADER = YES;
				CLANG_WARN_RANGE_LOOP_ANALYSIS = YES;
				CLANG_WARN_STRICT_PROTOTYPES = YES;
				CLANG_WARN_SUSPICIOUS_MOVE = YES;
				CLANG_WARN_UNGUARDED_AVAILABILITY = YES_AGGRESSIVE;
				CLANG_WARN_UNREACHABLE_CODE = YES;
				CLANG_WARN__DUPLICATE_METHOD_MATCH = YES;
				COPY_PHASE_STRIP = NO;
				DEBUG_INFORMATION_FORMAT = dwarf;
				ENABLE_STRICT_OBJC_MSGSEND = YES;
				ENABLE_TESTABILITY = YES;
				GCC_C_LANGUAGE_STANDARD = gnu11;
				GCC_DYNAMIC_NO_PIC = NO;
				GCC_NO_COMMON_BLOCKS = YES;
				GCC_OPTIMIZATION_LEVEL = 0;
				GCC_PREPROCESSOR_DEFINITIONS = (
					"DEBUG=1",
					"$(inherited)",
				);
				GCC_WARN_64_TO_32_BIT_CONVERSION = YES;
				GCC_WARN_ABOUT_RETURN_TYPE = YES_ERROR;
				GCC_WARN_UNDECLARED_SELECTOR = YES;
				GCC_WARN_UNINITIALIZED_AUTOS = YES_AGGRESSIVE;
				GCC_WARN_UNUSED_FUNCTION = YES;
				GCC_WARN_UNUSED_VARIABLE = YES;
				IPHONEOS_DEPLOYMENT_TARGET = 14.4;
				MTL_ENABLE_DEBUG_INFO = INCLUDE_SOURCE;
				MTL_FAST_MATH = YES;
				ONLY_ACTIVE_ARCH = YES;
				SDKROOT = iphoneos;
				SWIFT_ACTIVE_COMPILATION_CONDITIONS = DEBUG;
				SWIFT_OPTIMIZATION_LEVEL = "-Onone";
			};
			name = Debug;
		};
		F988848225F55ED70049A059 /* Release */ = {
			isa = XCBuildConfiguration;
			buildSettings = {
				ALWAYS_SEARCH_USER_PATHS = NO;
				CLANG_ANALYZER_NONNULL = YES;
				CLANG_ANALYZER_NUMBER_OBJECT_CONVERSION = YES_AGGRESSIVE;
				CLANG_CXX_LANGUAGE_STANDARD = "gnu++14";
				CLANG_CXX_LIBRARY = "libc++";
				CLANG_ENABLE_MODULES = YES;
				CLANG_ENABLE_OBJC_ARC = YES;
				CLANG_ENABLE_OBJC_WEAK = YES;
				CLANG_WARN_BLOCK_CAPTURE_AUTORELEASING = YES;
				CLANG_WARN_BOOL_CONVERSION = YES;
				CLANG_WARN_COMMA = YES;
				CLANG_WARN_CONSTANT_CONVERSION = YES;
				CLANG_WARN_DEPRECATED_OBJC_IMPLEMENTATIONS = YES;
				CLANG_WARN_DIRECT_OBJC_ISA_USAGE = YES_ERROR;
				CLANG_WARN_DOCUMENTATION_COMMENTS = YES;
				CLANG_WARN_EMPTY_BODY = YES;
				CLANG_WARN_ENUM_CONVERSION = YES;
				CLANG_WARN_INFINITE_RECURSION = YES;
				CLANG_WARN_INT_CONVERSION = YES;
				CLANG_WARN_NON_LITERAL_NULL_CONVERSION = YES;
				CLANG_WARN_OBJC_IMPLICIT_RETAIN_SELF = YES;
				CLANG_WARN_OBJC_LITERAL_CONVERSION = YES;
				CLANG_WARN_OBJC_ROOT_CLASS = YES_ERROR;
				CLANG_WARN_QUOTED_INCLUDE_IN_FRAMEWORK_HEADER = YES;
				CLANG_WARN_RANGE_LOOP_ANALYSIS = YES;
				CLANG_WARN_STRICT_PROTOTYPES = YES;
				CLANG_WARN_SUSPICIOUS_MOVE = YES;
				CLANG_WARN_UNGUARDED_AVAILABILITY = YES_AGGRESSIVE;
				CLANG_WARN_UNREACHABLE_CODE = YES;
				CLANG_WARN__DUPLICATE_METHOD_MATCH = YES;
				COPY_PHASE_STRIP = NO;
				DEBUG_INFORMATION_FORMAT = "dwarf-with-dsym";
				ENABLE_NS_ASSERTIONS = NO;
				ENABLE_STRICT_OBJC_MSGSEND = YES;
				GCC_C_LANGUAGE_STANDARD = gnu11;
				GCC_NO_COMMON_BLOCKS = YES;
				GCC_WARN_64_TO_32_BIT_CONVERSION = YES;
				GCC_WARN_ABOUT_RETURN_TYPE = YES_ERROR;
				GCC_WARN_UNDECLARED_SELECTOR = YES;
				GCC_WARN_UNINITIALIZED_AUTOS = YES_AGGRESSIVE;
				GCC_WARN_UNUSED_FUNCTION = YES;
				GCC_WARN_UNUSED_VARIABLE = YES;
				IPHONEOS_DEPLOYMENT_TARGET = 14.4;
				MTL_ENABLE_DEBUG_INFO = NO;
				MTL_FAST_MATH = YES;
				SDKROOT = iphoneos;
				SWIFT_COMPILATION_MODE = wholemodule;
				SWIFT_OPTIMIZATION_LEVEL = "-O";
				VALIDATE_PRODUCT = YES;
			};
			name = Release;
		};
		F988848425F55ED70049A059 /* Debug */ = {
			isa = XCBuildConfiguration;
			baseConfigurationReference = 1C7D5524D47ED0114186C3A3 /* Pods-instagram_mvvm.debug.xcconfig */;
			buildSettings = {
				ASSETCATALOG_COMPILER_APPICON_NAME = AppIcon;
				ASSETCATALOG_COMPILER_GLOBAL_ACCENT_COLOR_NAME = AccentColor;
				CODE_SIGN_STYLE = Automatic;
				DEVELOPMENT_TEAM = C99MXG5L9J;
				INFOPLIST_FILE = instagram_mvvm/Info.plist;
				IPHONEOS_DEPLOYMENT_TARGET = 13.6;
				LD_RUNPATH_SEARCH_PATHS = (
					"$(inherited)",
					"@executable_path/Frameworks",
				);
				PRODUCT_BUNDLE_IDENTIFIER = "com.cukszyy.instagram-mvvm";
				PRODUCT_NAME = "$(TARGET_NAME)";
				SWIFT_VERSION = 5.0;
				TARGETED_DEVICE_FAMILY = "1,2";
			};
			name = Debug;
		};
		F988848525F55ED70049A059 /* Release */ = {
			isa = XCBuildConfiguration;
			baseConfigurationReference = 707B74B8A730B7865521214E /* Pods-instagram_mvvm.release.xcconfig */;
			buildSettings = {
				ASSETCATALOG_COMPILER_APPICON_NAME = AppIcon;
				ASSETCATALOG_COMPILER_GLOBAL_ACCENT_COLOR_NAME = AccentColor;
				CODE_SIGN_STYLE = Automatic;
				DEVELOPMENT_TEAM = C99MXG5L9J;
				INFOPLIST_FILE = instagram_mvvm/Info.plist;
				IPHONEOS_DEPLOYMENT_TARGET = 13.6;
				LD_RUNPATH_SEARCH_PATHS = (
					"$(inherited)",
					"@executable_path/Frameworks",
				);
				PRODUCT_BUNDLE_IDENTIFIER = "com.cukszyy.instagram-mvvm";
				PRODUCT_NAME = "$(TARGET_NAME)";
				SWIFT_VERSION = 5.0;
				TARGETED_DEVICE_FAMILY = "1,2";
			};
			name = Release;
		};
		F988848725F55ED70049A059 /* Debug */ = {
			isa = XCBuildConfiguration;
			baseConfigurationReference = D263CF91FE0BEB8A3E31DB55 /* Pods-instagram_mvvmTests.debug.xcconfig */;
			buildSettings = {
				ALWAYS_EMBED_SWIFT_STANDARD_LIBRARIES = YES;
				BUNDLE_LOADER = "$(TEST_HOST)";
				CODE_SIGN_STYLE = Automatic;
				DEVELOPMENT_TEAM = C99MXG5L9J;
				INFOPLIST_FILE = instagram_mvvmTests/Info.plist;
				IPHONEOS_DEPLOYMENT_TARGET = 14.4;
				LD_RUNPATH_SEARCH_PATHS = (
					"$(inherited)",
					"@executable_path/Frameworks",
					"@loader_path/Frameworks",
				);
				PRODUCT_BUNDLE_IDENTIFIER = "com.cukszyy.instagram-mvvmTests";
				PRODUCT_NAME = "$(TARGET_NAME)";
				SWIFT_VERSION = 5.0;
				TARGETED_DEVICE_FAMILY = "1,2";
				TEST_HOST = "$(BUILT_PRODUCTS_DIR)/instagram_mvvm.app/instagram_mvvm";
			};
			name = Debug;
		};
		F988848825F55ED70049A059 /* Release */ = {
			isa = XCBuildConfiguration;
			baseConfigurationReference = 7EFB2C9808105805BABF0C97 /* Pods-instagram_mvvmTests.release.xcconfig */;
			buildSettings = {
				ALWAYS_EMBED_SWIFT_STANDARD_LIBRARIES = YES;
				BUNDLE_LOADER = "$(TEST_HOST)";
				CODE_SIGN_STYLE = Automatic;
				DEVELOPMENT_TEAM = C99MXG5L9J;
				INFOPLIST_FILE = instagram_mvvmTests/Info.plist;
				IPHONEOS_DEPLOYMENT_TARGET = 14.4;
				LD_RUNPATH_SEARCH_PATHS = (
					"$(inherited)",
					"@executable_path/Frameworks",
					"@loader_path/Frameworks",
				);
				PRODUCT_BUNDLE_IDENTIFIER = "com.cukszyy.instagram-mvvmTests";
				PRODUCT_NAME = "$(TARGET_NAME)";
				SWIFT_VERSION = 5.0;
				TARGETED_DEVICE_FAMILY = "1,2";
				TEST_HOST = "$(BUILT_PRODUCTS_DIR)/instagram_mvvm.app/instagram_mvvm";
			};
			name = Release;
		};
		F988848A25F55ED70049A059 /* Debug */ = {
			isa = XCBuildConfiguration;
			baseConfigurationReference = 3C1CBCEFD7327AD95CD1EB22 /* Pods-instagram_mvvm-instagram_mvvmUITests.debug.xcconfig */;
			buildSettings = {
				ALWAYS_EMBED_SWIFT_STANDARD_LIBRARIES = YES;
				CODE_SIGN_STYLE = Automatic;
				DEVELOPMENT_TEAM = C99MXG5L9J;
				INFOPLIST_FILE = instagram_mvvmUITests/Info.plist;
				LD_RUNPATH_SEARCH_PATHS = (
					"$(inherited)",
					"@executable_path/Frameworks",
					"@loader_path/Frameworks",
				);
				PRODUCT_BUNDLE_IDENTIFIER = "com.cukszyy.instagram-mvvmUITests";
				PRODUCT_NAME = "$(TARGET_NAME)";
				SWIFT_VERSION = 5.0;
				TARGETED_DEVICE_FAMILY = "1,2";
				TEST_TARGET_NAME = instagram_mvvm;
			};
			name = Debug;
		};
		F988848B25F55ED70049A059 /* Release */ = {
			isa = XCBuildConfiguration;
			baseConfigurationReference = 9A1F77DFA502557E48CDBB81 /* Pods-instagram_mvvm-instagram_mvvmUITests.release.xcconfig */;
			buildSettings = {
				ALWAYS_EMBED_SWIFT_STANDARD_LIBRARIES = YES;
				CODE_SIGN_STYLE = Automatic;
				DEVELOPMENT_TEAM = C99MXG5L9J;
				INFOPLIST_FILE = instagram_mvvmUITests/Info.plist;
				LD_RUNPATH_SEARCH_PATHS = (
					"$(inherited)",
					"@executable_path/Frameworks",
					"@loader_path/Frameworks",
				);
				PRODUCT_BUNDLE_IDENTIFIER = "com.cukszyy.instagram-mvvmUITests";
				PRODUCT_NAME = "$(TARGET_NAME)";
				SWIFT_VERSION = 5.0;
				TARGETED_DEVICE_FAMILY = "1,2";
				TEST_TARGET_NAME = instagram_mvvm;
			};
			name = Release;
		};
/* End XCBuildConfiguration section */

/* Begin XCConfigurationList section */
		F988845425F55ED50049A059 /* Build configuration list for PBXProject "instagram_mvvm" */ = {
			isa = XCConfigurationList;
			buildConfigurations = (
				F988848125F55ED70049A059 /* Debug */,
				F988848225F55ED70049A059 /* Release */,
			);
			defaultConfigurationIsVisible = 0;
			defaultConfigurationName = Release;
		};
		F988848325F55ED70049A059 /* Build configuration list for PBXNativeTarget "instagram_mvvm" */ = {
			isa = XCConfigurationList;
			buildConfigurations = (
				F988848425F55ED70049A059 /* Debug */,
				F988848525F55ED70049A059 /* Release */,
			);
			defaultConfigurationIsVisible = 0;
			defaultConfigurationName = Release;
		};
		F988848625F55ED70049A059 /* Build configuration list for PBXNativeTarget "instagram_mvvmTests" */ = {
			isa = XCConfigurationList;
			buildConfigurations = (
				F988848725F55ED70049A059 /* Debug */,
				F988848825F55ED70049A059 /* Release */,
			);
			defaultConfigurationIsVisible = 0;
			defaultConfigurationName = Release;
		};
		F988848925F55ED70049A059 /* Build configuration list for PBXNativeTarget "instagram_mvvmUITests" */ = {
			isa = XCConfigurationList;
			buildConfigurations = (
				F988848A25F55ED70049A059 /* Debug */,
				F988848B25F55ED70049A059 /* Release */,
			);
			defaultConfigurationIsVisible = 0;
			defaultConfigurationName = Release;
		};
/* End XCConfigurationList section */
	};
	rootObject = F988845125F55ED50049A059 /* Project object */;
}
